
Microsoft Visual Studio Solution File, Format Version 12.00
# Visual Studio Version 16
VisualStudioVersion = 16.0.30406.217
MinimumVisualStudioVersion = 10.0.40219.1
Project("{FAE04EC0-301F-11D3-BF4B-00C04F79EFBC}") = "PhoneMicroservice", "PhoneMicroservice\PhoneMicroservice.csproj", "{5153110C-7BB2-4F43-A7B9-F896E87DE146}"
EndProject
Global
	GlobalSection(SolutionConfigurationPlatforms) = preSolution
		Debug|Any CPU = Debug|Any CPU
		Release|Any CPU = Release|Any CPU
	EndGlobalSection
	GlobalSection(ProjectConfigurationPlatforms) = postSolution
		{5153110C-7BB2-4F43-A7B9-F896E87DE146}.Debug|Any CPU.ActiveCfg = Debug|Any CPU
		{5153110C-7BB2-4F43-A7B9-F896E87DE146}.Debug|Any CPU.Build.0 = Debug|Any CPU
		{5153110C-7BB2-4F43-A7B9-F896E87DE146}.Release|Any CPU.ActiveCfg = Release|Any CPU
		{5153110C-7BB2-4F43-A7B9-F896E87DE146}.Release|Any CPU.Build.0 = Release|Any CPU
	EndGlobalSection
	GlobalSection(SolutionProperties) = preSolution
		HideSolutionNode = FALSE
	EndGlobalSection
	GlobalSection(ExtensibilityGlobals) = postSolution
		SolutionGuid = {CCB9BE02-ABB9-4E26-846B-8A63DA868071}
	EndGlobalSection
EndGlobal
